// !$*UTF8*$!
{
	archiveVersion = 1;
	classes = {
	};
	objectVersion = 77;
	objects = {

/* Begin PBXContainerItemProxy section */
		DF6ABAEC2DB705C800D68A35 /* PBXContainerItemProxy */ = {
			isa = PBXContainerItemProxy;
			containerPortal = DF6ABAD62DB705C700D68A35 /* Project object */;
			proxyType = 1;
			remoteGlobalIDString = DF6ABADD2DB705C700D68A35;
			remoteInfo = MeigenGacha;
		};
		DF6ABAF62DB705C800D68A35 /* PBXContainerItemProxy */ = {
			isa = PBXContainerItemProxy;
			containerPortal = DF6ABAD62DB705C700D68A35 /* Project object */;
			proxyType = 1;
			remoteGlobalIDString = DF6ABADD2DB705C700D68A35;
			remoteInfo = MeigenGacha;
		};
/* End PBXContainerItemProxy section */

/* Begin PBXFileReference section */
		DF6ABADE2DB705C700D68A35 /* MeigenGacha.app */ = {isa = PBXFileReference; explicitFileType = wrapper.application; includeInIndex = 0; path = MeigenGacha.app; sourceTree = BUILT_PRODUCTS_DIR; };
		DF6ABAEB2DB705C800D68A35 /* MeigenGachaTests.xctest */ = {isa = PBXFileReference; explicitFileType = wrapper.cfbundle; includeInIndex = 0; path = MeigenGachaTests.xctest; sourceTree = BUILT_PRODUCTS_DIR; };
		DF6ABAF52DB705C800D68A35 /* MeigenGachaUITests.xctest */ = {isa = PBXFileReference; explicitFileType = wrapper.cfbundle; includeInIndex = 0; path = MeigenGachaUITests.xctest; sourceTree = BUILT_PRODUCTS_DIR; };
/* End PBXFileReference section */

/* Begin PBXFileSystemSynchronizedRootGroup section */
		DF6ABAE02DB705C700D68A35 /* MeigenGacha */ = {
			isa = PBXFileSystemSynchronizedRootGroup;
			path = MeigenGacha;
			sourceTree = "<group>";
		};
		DF6ABAEE2DB705C800D68A35 /* MeigenGachaTests */ = {
			isa = PBXFileSystemSynchronizedRootGroup;
			path = MeigenGachaTests;
			sourceTree = "<group>";
		};
		DF6ABAF82DB705C800D68A35 /* MeigenGachaUITests */ = {
			isa = PBXFileSystemSynchronizedRootGroup;
			path = MeigenGachaUITests;
			sourceTree = "<group>";
		};
/* End PBXFileSystemSynchronizedRootGroup section */

/* Begin PBXFrameworksBuildPhase section */
		DF6ABADB2DB705C700D68A35 /* Frameworks */ = {
			isa = PBXFrameworksBuildPhase;
			buildActionMask = 2147483647;
			files = (
			);
			runOnlyForDeploymentPostprocessing = 0;
		};
		DF6ABAE82DB705C800D68A35 /* Frameworks */ = {
			isa = PBXFrameworksBuildPhase;
			buildActionMask = 2147483647;
			files = (
			);
			runOnlyForDeploymentPostprocessing = 0;
		};
		DF6ABAF22DB705C800D68A35 /* Frameworks */ = {
			isa = PBXFrameworksBuildPhase;
			buildActionMask = 2147483647;
			files = (
			);
			runOnlyForDeploymentPostprocessing = 0;
		};
/* End PBXFrameworksBuildPhase section */

/* Begin PBXGroup section */
		DF6ABAD52DB705C700D68A35 = {
			isa = PBXGroup;
			children = (
				DF6ABAE02DB705C700D68A35 /* MeigenGacha */,
				DF6ABAEE2DB705C800D68A35 /* MeigenGachaTests */,
				DF6ABAF82DB705C800D68A35 /* MeigenGachaUITests */,
				DF6ABADF2DB705C700D68A35 /* Products */,
			);
			sourceTree = "<group>";
		};
		DF6ABADF2DB705C700D68A35 /* Products */ = {
			isa = PBXGroup;
			children = (
				DF6ABADE2DB705C700D68A35 /* MeigenGacha.app */,
				DF6ABAEB2DB705C800D68A35 /* MeigenGachaTests.xctest */,
				DF6ABAF52DB705C800D68A35 /* MeigenGachaUITests.xctest */,
			);
			name = Products;
			sourceTree = "<group>";
		};
/* End PBXGroup section */

/* Begin PBXNativeTarget section */
		DF6ABADD2DB705C700D68A35 /* MeigenGacha */ = {
			isa = PBXNativeTarget;
			buildConfigurationList = DF6ABAFF2DB705C800D68A35 /* Build configuration list for PBXNativeTarget "MeigenGacha" */;
			buildPhases = (
				DF6ABADA2DB705C700D68A35 /* Sources */,
				DF6ABADB2DB705C700D68A35 /* Frameworks */,
				DF6ABADC2DB705C700D68A35 /* Resources */,
			);
			buildRules = (
			);
			dependencies = (
			);
			fileSystemSynchronizedGroups = (
				DF6ABAE02DB705C700D68A35 /* MeigenGacha */,
			);
			name = MeigenGacha;
			packageProductDependencies = (
			);
			productName = MeigenGacha;
			productReference = DF6ABADE2DB705C700D68A35 /* MeigenGacha.app */;
			productType = "com.apple.product-type.application";
		};
		DF6ABAEA2DB705C800D68A35 /* MeigenGachaTests */ = {
			isa = PBXNativeTarget;
			buildConfigurationList = DF6ABB022DB705C800D68A35 /* Build configuration list for PBXNativeTarget "MeigenGachaTests" */;
			buildPhases = (
				DF6ABAE72DB705C800D68A35 /* Sources */,
				DF6ABAE82DB705C800D68A35 /* Frameworks */,
				DF6ABAE92DB705C800D68A35 /* Resources */,
			);
			buildRules = (
			);
			dependencies = (
				DF6ABAED2DB705C800D68A35 /* PBXTargetDependency */,
			);
			fileSystemSynchronizedGroups = (
				DF6ABAEE2DB705C800D68A35 /* MeigenGachaTests */,
			);
			name = MeigenGachaTests;
			packageProductDependencies = (
			);
			productName = MeigenGachaTests;
			productReference = DF6ABAEB2DB705C800D68A35 /* MeigenGachaTests.xctest */;
			productType = "com.apple.product-type.bundle.unit-test";
		};
		DF6ABAF42DB705C800D68A35 /* MeigenGachaUITests */ = {
			isa = PBXNativeTarget;
			buildConfigurationList = DF6ABB052DB705C800D68A35 /* Build configuration list for PBXNativeTarget "MeigenGachaUITests" */;
			buildPhases = (
				DF6ABAF12DB705C800D68A35 /* Sources */,
				DF6ABAF22DB705C800D68A35 /* Frameworks */,
				DF6ABAF32DB705C800D68A35 /* Resources */,
			);
			buildRules = (
			);
			dependencies = (
				DF6ABAF72DB705C800D68A35 /* PBXTargetDependency */,
			);
			fileSystemSynchronizedGroups = (
				DF6ABAF82DB705C800D68A35 /* MeigenGachaUITests */,
			);
			name = MeigenGachaUITests;
			packageProductDependencies = (
			);
			productName = MeigenGachaUITests;
			productReference = DF6ABAF52DB705C800D68A35 /* MeigenGachaUITests.xctest */;
			productType = "com.apple.product-type.bundle.ui-testing";
		};
/* End PBXNativeTarget section */

/* Begin PBXProject section */
		DF6ABAD62DB705C700D68A35 /* Project object */ = {
			isa = PBXProject;
			attributes = {
				BuildIndependentTargetsInParallel = 1;
				LastSwiftUpdateCheck = 1630;
				LastUpgradeCheck = 1630;
				TargetAttributes = {
					DF6ABADD2DB705C700D68A35 = {
						CreatedOnToolsVersion = 16.3;
					};
					DF6ABAEA2DB705C800D68A35 = {
						CreatedOnToolsVersion = 16.3;
						TestTargetID = DF6ABADD2DB705C700D68A35;
					};
					DF6ABAF42DB705C800D68A35 = {
						CreatedOnToolsVersion = 16.3;
						TestTargetID = DF6ABADD2DB705C700D68A35;
					};
				};
			};
			buildConfigurationList = DF6ABAD92DB705C700D68A35 /* Build configuration list for PBXProject "MeigenGacha" */;
			developmentRegion = en;
			hasScannedForEncodings = 0;
			knownRegions = (
				en,
				Base,
			);
			mainGroup = DF6ABAD52DB705C700D68A35;
			minimizedProjectReferenceProxies = 1;
			preferredProjectObjectVersion = 77;
			productRefGroup = DF6ABADF2DB705C700D68A35 /* Products */;
			projectDirPath = "";
			projectRoot = "";
			targets = (
				DF6ABADD2DB705C700D68A35 /* MeigenGacha */,
				DF6ABAEA2DB705C800D68A35 /* MeigenGachaTests */,
				DF6ABAF42DB705C800D68A35 /* MeigenGachaUITests */,
			);
		};
/* End PBXProject section */

/* Begin PBXResourcesBuildPhase section */
		DF6ABADC2DB705C700D68A35 /* Resources */ = {
			isa = PBXResourcesBuildPhase;
			buildActionMask = 2147483647;
			files = (
			);
			runOnlyForDeploymentPostprocessing = 0;
		};
		DF6ABAE92DB705C800D68A35 /* Resources */ = {
			isa = PBXResourcesBuildPhase;
			buildActionMask = 2147483647;
			files = (
			);
			runOnlyForDeploymentPostprocessing = 0;
		};
		DF6ABAF32DB705C800D68A35 /* Resources */ = {
			isa = PBXResourcesBuildPhase;
			buildActionMask = 2147483647;
			files = (
			);
			runOnlyForDeploymentPostprocessing = 0;
		};
/* End PBXResourcesBuildPhase section */

/* Begin PBXSourcesBuildPhase section */
		DF6ABADA2DB705C700D68A35 /* Sources */ = {
			isa = PBXSourcesBuildPhase;
			buildActionMask = 2147483647;
			files = (
			);
			runOnlyForDeploymentPostprocessing = 0;
		};
		DF6ABAE72DB705C800D68A35 /* Sources */ = {
			isa = PBXSourcesBuildPhase;
			buildActionMask = 2147483647;
			files = (
			);
			runOnlyForDeploymentPostprocessing = 0;
		};
		DF6ABAF12DB705C800D68A35 /* Sources */ = {
			isa = PBXSourcesBuildPhase;
			buildActionMask = 2147483647;
			files = (
			);
			runOnlyForDeploymentPostprocessing = 0;
		};
/* End PBXSourcesBuildPhase section */

/* Begin PBXTargetDependency section */
		DF6ABAED2DB705C800D68A35 /* PBXTargetDependency */ = {
			isa = PBXTargetDependency;
			target = DF6ABADD2DB705C700D68A35 /* MeigenGacha */;
			targetProxy = DF6ABAEC2DB705C800D68A35 /* PBXContainerItemProxy */;
		};
		DF6ABAF72DB705C800D68A35 /* PBXTargetDependency */ = {
			isa = PBXTargetDependency;
			target = DF6ABADD2DB705C700D68A35 /* MeigenGacha */;
			targetProxy = DF6ABAF62DB705C800D68A35 /* PBXContainerItemProxy */;
		};
/* End PBXTargetDependency section */

/* Begin XCBuildConfiguration section */
		DF6ABAFD2DB705C800D68A35 /* Debug */ = {
			isa = XCBuildConfiguration;
			buildSettings = {
				ALWAYS_SEARCH_USER_PATHS = NO;
				ASSETCATALOG_COMPILER_GENERATE_SWIFT_ASSET_SYMBOL_EXTENSIONS = YES;
				CLANG_ANALYZER_NONNULL = YES;
				CLANG_ANALYZER_NUMBER_OBJECT_CONVERSION = YES_AGGRESSIVE;
				CLANG_CXX_LANGUAGE_STANDARD = "gnu++20";
				CLANG_ENABLE_MODULES = YES;
				CLANG_ENABLE_OBJC_ARC = YES;
				CLANG_ENABLE_OBJC_WEAK = YES;
				CLANG_WARN_BLOCK_CAPTURE_AUTORELEASING = YES;
				CLANG_WARN_BOOL_CONVERSION = YES;
				CLANG_WARN_COMMA = YES;
				CLANG_WARN_CONSTANT_CONVERSION = YES;
				CLANG_WARN_DEPRECATED_OBJC_IMPLEMENTATIONS = YES;
				CLANG_WARN_DIRECT_OBJC_ISA_USAGE = YES_ERROR;
				CLANG_WARN_DOCUMENTATION_COMMENTS = YES;
				CLANG_WARN_EMPTY_BODY = YES;
				CLANG_WARN_ENUM_CONVERSION = YES;
				CLANG_WARN_INFINITE_RECURSION = YES;
				CLANG_WARN_INT_CONVERSION = YES;
				CLANG_WARN_NON_LITERAL_NULL_CONVERSION = YES;
				CLANG_WARN_OBJC_IMPLICIT_RETAIN_SELF = YES;
				CLANG_WARN_OBJC_LITERAL_CONVERSION = YES;
				CLANG_WARN_OBJC_ROOT_CLASS = YES_ERROR;
				CLANG_WARN_QUOTED_INCLUDE_IN_FRAMEWORK_HEADER = YES;
				CLANG_WARN_RANGE_LOOP_ANALYSIS = YES;
				CLANG_WARN_STRICT_PROTOTYPES = YES;
				CLANG_WARN_SUSPICIOUS_MOVE = YES;
				CLANG_WARN_UNGUARDED_AVAILABILITY = YES_AGGRESSIVE;
				CLANG_WARN_UNREACHABLE_CODE = YES;
				CLANG_WARN__DUPLICATE_METHOD_MATCH = YES;
				COPY_PHASE_STRIP = NO;
				DEBUG_INFORMATION_FORMAT = dwarf;
				ENABLE_STRICT_OBJC_MSGSEND = YES;
				ENABLE_TESTABILITY = YES;
				ENABLE_USER_SCRIPT_SANDBOXING = YES;
				GCC_C_LANGUAGE_STANDARD = gnu17;
				GCC_DYNAMIC_NO_PIC = NO;
				GCC_NO_COMMON_BLOCKS = YES;
				GCC_OPTIMIZATION_LEVEL = 0;
				GCC_PREPROCESSOR_DEFINITIONS = (
					"DEBUG=1",
					"$(inherited)",
				);
				GCC_WARN_64_TO_32_BIT_CONVERSION = YES;
				GCC_WARN_ABOUT_RETURN_TYPE = YES_ERROR;
				GCC_WARN_UNDECLARED_SELECTOR = YES;
				GCC_WARN_UNINITIALIZED_AUTOS = YES_AGGRESSIVE;
				GCC_WARN_UNUSED_FUNCTION = YES;
				GCC_WARN_UNUSED_VARIABLE = YES;
				IPHONEOS_DEPLOYMENT_TARGET = 18.4;
				LOCALIZATION_PREFERS_STRING_CATALOGS = YES;
				MTL_ENABLE_DEBUG_INFO = INCLUDE_SOURCE;
				MTL_FAST_MATH = YES;
				ONLY_ACTIVE_ARCH = YES;
				SDKROOT = iphoneos;
				SWIFT_ACTIVE_COMPILATION_CONDITIONS = "DEBUG $(inherited)";
				SWIFT_OPTIMIZATION_LEVEL = "-Onone";
			};
			name = Debug;
		};
		DF6ABAFE2DB705C800D68A35 /* Release */ = {
			isa = XCBuildConfiguration;
			buildSettings = {
				ALWAYS_SEARCH_USER_PATHS = NO;
				ASSETCATALOG_COMPILER_GENERATE_SWIFT_ASSET_SYMBOL_EXTENSIONS = YES;
				CLANG_ANALYZER_NONNULL = YES;
				CLANG_ANALYZER_NUMBER_OBJECT_CONVERSION = YES_AGGRESSIVE;
				CLANG_CXX_LANGUAGE_STANDARD = "gnu++20";
				CLANG_ENABLE_MODULES = YES;
				CLANG_ENABLE_OBJC_ARC = YES;
				CLANG_ENABLE_OBJC_WEAK = YES;
				CLANG_WARN_BLOCK_CAPTURE_AUTORELEASING = YES;
				CLANG_WARN_BOOL_CONVERSION = YES;
				CLANG_WARN_COMMA = YES;
				CLANG_WARN_CONSTANT_CONVERSION = YES;
				CLANG_WARN_DEPRECATED_OBJC_IMPLEMENTATIONS = YES;
				CLANG_WARN_DIRECT_OBJC_ISA_USAGE = YES_ERROR;
				CLANG_WARN_DOCUMENTATION_COMMENTS = YES;
				CLANG_WARN_EMPTY_BODY = YES;
				CLANG_WARN_ENUM_CONVERSION = YES;
				CLANG_WARN_INFINITE_RECURSION = YES;
				CLANG_WARN_INT_CONVERSION = YES;
				CLANG_WARN_NON_LITERAL_NULL_CONVERSION = YES;
				CLANG_WARN_OBJC_IMPLICIT_RETAIN_SELF = YES;
				CLANG_WARN_OBJC_LITERAL_CONVERSION = YES;
				CLANG_WARN_OBJC_ROOT_CLASS = YES_ERROR;
				CLANG_WARN_QUOTED_INCLUDE_IN_FRAMEWORK_HEADER = YES;
				CLANG_WARN_RANGE_LOOP_ANALYSIS = YES;
				CLANG_WARN_STRICT_PROTOTYPES = YES;
				CLANG_WARN_SUSPICIOUS_MOVE = YES;
				CLANG_WARN_UNGUARDED_AVAILABILITY = YES_AGGRESSIVE;
				CLANG_WARN_UNREACHABLE_CODE = YES;
				CLANG_WARN__DUPLICATE_METHOD_MATCH = YES;
				COPY_PHASE_STRIP = NO;
				DEBUG_INFORMATION_FORMAT = "dwarf-with-dsym";
				ENABLE_NS_ASSERTIONS = NO;
				ENABLE_STRICT_OBJC_MSGSEND = YES;
				ENABLE_USER_SCRIPT_SANDBOXING = YES;
				GCC_C_LANGUAGE_STANDARD = gnu17;
				GCC_NO_COMMON_BLOCKS = YES;
				GCC_WARN_64_TO_32_BIT_CONVERSION = YES;
				GCC_WARN_ABOUT_RETURN_TYPE = YES_ERROR;
				GCC_WARN_UNDECLARED_SELECTOR = YES;
				GCC_WARN_UNINITIALIZED_AUTOS = YES_AGGRESSIVE;
				GCC_WARN_UNUSED_FUNCTION = YES;
				GCC_WARN_UNUSED_VARIABLE = YES;
				IPHONEOS_DEPLOYMENT_TARGET = 18.4;
				LOCALIZATION_PREFERS_STRING_CATALOGS = YES;
				MTL_ENABLE_DEBUG_INFO = NO;
				MTL_FAST_MATH = YES;
				SDKROOT = iphoneos;
				SWIFT_COMPILATION_MODE = wholemodule;
				VALIDATE_PRODUCT = YES;
			};
			name = Release;
		};
		DF6ABB002DB705C800D68A35 /* Debug */ = {
			isa = XCBuildConfiguration;
			buildSettings = {
				ASSETCATALOG_COMPILER_APPICON_NAME = AppIcon;
				ASSETCATALOG_COMPILER_GLOBAL_ACCENT_COLOR_NAME = AccentColor;
				CODE_SIGN_STYLE = Automatic;
				CURRENT_PROJECT_VERSION = 1;
				ENABLE_PREVIEWS = YES;
				GENERATE_INFOPLIST_FILE = YES;
				INFOPLIST_KEY_UIApplicationSceneManifest_Generation = YES;
				INFOPLIST_KEY_UIApplicationSupportsIndirectInputEvents = YES;
				INFOPLIST_KEY_UILaunchScreen_Generation = YES;
				INFOPLIST_KEY_UISupportedInterfaceOrientations_iPad = "UIInterfaceOrientationPortrait UIInterfaceOrientationPortraitUpsideDown UIInterfaceOrientationLandscapeLeft UIInterfaceOrientationLandscapeRight";
				INFOPLIST_KEY_UISupportedInterfaceOrientations_iPhone = "UIInterfaceOrientationPortrait UIInterfaceOrientationLandscapeLeft UIInterfaceOrientationLandscapeRight";
				LD_RUNPATH_SEARCH_PATHS = (
					"$(inherited)",
					"@executable_path/Frameworks",
				);
				MARKETING_VERSION = 1.0;
				PRODUCT_BUNDLE_IDENTIFIER = com.tarou.MeigenGacha;
				PRODUCT_NAME = "$(TARGET_NAME)";
				SWIFT_EMIT_LOC_STRINGS = YES;
				SWIFT_VERSION = 5.0;
				TARGETED_DEVICE_FAMILY = "1,2";
			};
			name = Debug;
		};
		DF6ABB012DB705C800D68A35 /* Release */ = {
			isa = XCBuildConfiguration;
			buildSettings = {
				ASSETCATALOG_COMPILER_APPICON_NAME = AppIcon;
				ASSETCATALOG_COMPILER_GLOBAL_ACCENT_COLOR_NAME = AccentColor;
				CODE_SIGN_STYLE = Automatic;
				CURRENT_PROJECT_VERSION = 1;
				ENABLE_PREVIEWS = YES;
				GENERATE_INFOPLIST_FILE = YES;
				INFOPLIST_KEY_UIApplicationSceneManifest_Generation = YES;
				INFOPLIST_KEY_UIApplicationSupportsIndirectInputEvents = YES;
				INFOPLIST_KEY_UILaunchScreen_Generation = YES;
				INFOPLIST_KEY_UISupportedInterfaceOrientations_iPad = "UIInterfaceOrientationPortrait UIInterfaceOrientationPortraitUpsideDown UIInterfaceOrientationLandscapeLeft UIInterfaceOrientationLandscapeRight";
				INFOPLIST_KEY_UISupportedInterfaceOrientations_iPhone = "UIInterfaceOrientationPortrait UIInterfaceOrientationLandscapeLeft UIInterfaceOrientationLandscapeRight";
				LD_RUNPATH_SEARCH_PATHS = (
					"$(inherited)",
					"@executable_path/Frameworks",
				);
				MARKETING_VERSION = 1.0;
				PRODUCT_BUNDLE_IDENTIFIER = com.tarou.MeigenGacha;
				PRODUCT_NAME = "$(TARGET_NAME)";
				SWIFT_EMIT_LOC_STRINGS = YES;
				SWIFT_VERSION = 5.0;
				TARGETED_DEVICE_FAMILY = "1,2";
			};
			name = Release;
		};
		DF6ABB032DB705C800D68A35 /* Debug */ = {
			isa = XCBuildConfiguration;
			buildSettings = {
				BUNDLE_LOADER = "$(TEST_HOST)";
				CODE_SIGN_STYLE = Automatic;
				CURRENT_PROJECT_VERSION = 1;
				GENERATE_INFOPLIST_FILE = YES;
				IPHONEOS_DEPLOYMENT_TARGET = 18.4;
				MARKETING_VERSION = 1.0;
				PRODUCT_BUNDLE_IDENTIFIER = com.tarou.MeigenGachaTests;
				PRODUCT_NAME = "$(TARGET_NAME)";
				SWIFT_EMIT_LOC_STRINGS = NO;
				SWIFT_VERSION = 5.0;
				TARGETED_DEVICE_FAMILY = "1,2";
				TEST_HOST = "$(BUILT_PRODUCTS_DIR)/MeigenGacha.app/$(BUNDLE_EXECUTABLE_FOLDER_PATH)/MeigenGacha";
			};
			name = Debug;
		};
		DF6ABB042DB705C800D68A35 /* Release */ = {
			isa = XCBuildConfiguration;
			buildSettings = {
				BUNDLE_LOADER = "$(TEST_HOST)";
				CODE_SIGN_STYLE = Automatic;
				CURRENT_PROJECT_VERSION = 1;
				GENERATE_INFOPLIST_FILE = YES;
				IPHONEOS_DEPLOYMENT_TARGET = 18.4;
				MARKETING_VERSION = 1.0;
				PRODUCT_BUNDLE_IDENTIFIER = com.tarou.MeigenGachaTests;
				PRODUCT_NAME = "$(TARGET_NAME)";
				SWIFT_EMIT_LOC_STRINGS = NO;
				SWIFT_VERSION = 5.0;
				TARGETED_DEVICE_FAMILY = "1,2";
				TEST_HOST = "$(BUILT_PRODUCTS_DIR)/MeigenGacha.app/$(BUNDLE_EXECUTABLE_FOLDER_PATH)/MeigenGacha";
			};
			name = Release;
		};
		DF6ABB062DB705C800D68A35 /* Debug */ = {
			isa = XCBuildConfiguration;
			buildSettings = {
				CODE_SIGN_STYLE = Automatic;
				CURRENT_PROJECT_VERSION = 1;
				GENERATE_INFOPLIST_FILE = YES;
				MARKETING_VERSION = 1.0;
				PRODUCT_BUNDLE_IDENTIFIER = com.tarou.MeigenGachaUITests;
				PRODUCT_NAME = "$(TARGET_NAME)";
				SWIFT_EMIT_LOC_STRINGS = NO;
				SWIFT_VERSION = 5.0;
				TARGETED_DEVICE_FAMILY = "1,2";
				TEST_TARGET_NAME = MeigenGacha;
			};
			name = Debug;
		};
		DF6ABB072DB705C800D68A35 /* Release */ = {
			isa = XCBuildConfiguration;
			buildSettings = {
				CODE_SIGN_STYLE = Automatic;
				CURRENT_PROJECT_VERSION = 1;
				GENERATE_INFOPLIST_FILE = YES;
				MARKETING_VERSION = 1.0;
				PRODUCT_BUNDLE_IDENTIFIER = com.tarou.MeigenGachaUITests;
				PRODUCT_NAME = "$(TARGET_NAME)";
				SWIFT_EMIT_LOC_STRINGS = NO;
				SWIFT_VERSION = 5.0;
				TARGETED_DEVICE_FAMILY = "1,2";
				TEST_TARGET_NAME = MeigenGacha;
			};
			name = Release;
		};
/* End XCBuildConfiguration section */

/* Begin XCConfigurationList section */
		DF6ABAD92DB705C700D68A35 /* Build configuration list for PBXProject "MeigenGacha" */ = {
			isa = XCConfigurationList;
			buildConfigurations = (
				DF6ABAFD2DB705C800D68A35 /* Debug */,
				DF6ABAFE2DB705C800D68A35 /* Release */,
			);
			defaultConfigurationIsVisible = 0;
			defaultConfigurationName = Release;
		};
		DF6ABAFF2DB705C800D68A35 /* Build configuration list for PBXNativeTarget "MeigenGacha" */ = {
			isa = XCConfigurationList;
			buildConfigurations = (
				DF6ABB002DB705C800D68A35 /* Debug */,
				DF6ABB012DB705C800D68A35 /* Release */,
			);
			defaultConfigurationIsVisible = 0;
			defaultConfigurationName = Release;
		};
		DF6ABB022DB705C800D68A35 /* Build configuration list for PBXNativeTarget "MeigenGachaTests" */ = {
			isa = XCConfigurationList;
			buildConfigurations = (
				DF6ABB032DB705C800D68A35 /* Debug */,
				DF6ABB042DB705C800D68A35 /* Release */,
			);
			defaultConfigurationIsVisible = 0;
			defaultConfigurationName = Release;
		};
		DF6ABB052DB705C800D68A35 /* Build configuration list for PBXNativeTarget "MeigenGachaUITests" */ = {
			isa = XCConfigurationList;
			buildConfigurations = (
				DF6ABB062DB705C800D68A35 /* Debug */,
				DF6ABB072DB705C800D68A35 /* Release */,
			);
			defaultConfigurationIsVisible = 0;
			defaultConfigurationName = Release;
		};
/* End XCConfigurationList section */
	};
	rootObject = DF6ABAD62DB705C700D68A35 /* Project object */;
}
